
Microsoft Visual Studio Solution File, Format Version 12.00
# Visual Studio 15
VisualStudioVersion = 15.0.28010.2003
MinimumVisualStudioVersion = 10.0.40219.1
Project("{2150E333-8FDC-42A3-9474-1A3956D46DE8}") = "CSharp", "CSharp", "{BD8F0BC7-74A2-4E2B-A6C9-C7AFAA7CBD25}"
EndProject
Project("{FAE04EC0-301F-11D3-BF4B-00C04F79EFBC}") = "mov-utility", "CSharp\mov-utility.csproj", "{BFF50E4A-49F3-46BE-B690-E88A26FFFB18}"
EndProject
Global
	GlobalSection(SolutionConfigurationPlatforms) = preSolution
		Debug|Any CPU = Debug|Any CPU
		Release|Any CPU = Release|Any CPU
	EndGlobalSection
	GlobalSection(ProjectConfigurationPlatforms) = postSolution
		{BFF50E4A-49F3-46BE-B690-E88A26FFFB18}.Debug|Any CPU.ActiveCfg = Debug|Any CPU
		{BFF50E4A-49F3-46BE-B690-E88A26FFFB18}.Debug|Any CPU.Build.0 = Debug|Any CPU
		{BFF50E4A-49F3-46BE-B690-E88A26FFFB18}.Release|Any CPU.ActiveCfg = Release|Any CPU
		{BFF50E4A-49F3-46BE-B690-E88A26FFFB18}.Release|Any CPU.Build.0 = Release|Any CPU
	EndGlobalSection
	GlobalSection(SolutionProperties) = preSolution
		HideSolutionNode = FALSE
	EndGlobalSection
	GlobalSection(NestedProjects) = preSolution
		{BFF50E4A-49F3-46BE-B690-E88A26FFFB18} = {BD8F0BC7-74A2-4E2B-A6C9-C7AFAA7CBD25}
	EndGlobalSection
	GlobalSection(ExtensibilityGlobals) = postSolution
		SolutionGuid = {1A41CF88-BC31-46B8-8AF7-D0D6D7549717}
	EndGlobalSection
EndGlobal
